// !$*UTF8*$!
{
	archiveVersion = 1;
	classes = {
	};
	objectVersion = 55;
	objects = {

/* Begin PBXBuildFile section */
		0D3EA1332935193B0038CBEC /* AppDelegate.swift in Sources */ = {isa = PBXBuildFile; fileRef = 0D3EA1322935193B0038CBEC /* AppDelegate.swift */; };
		0D3EA1352935193B0038CBEC /* SceneDelegate.swift in Sources */ = {isa = PBXBuildFile; fileRef = 0D3EA1342935193B0038CBEC /* SceneDelegate.swift */; };
		0D3EA1372935193B0038CBEC /* ViewController.swift in Sources */ = {isa = PBXBuildFile; fileRef = 0D3EA1362935193B0038CBEC /* ViewController.swift */; };
		0D3EA13A2935193B0038CBEC /* Main.storyboard in Resources */ = {isa = PBXBuildFile; fileRef = 0D3EA1382935193B0038CBEC /* Main.storyboard */; };
		0D3EA13C2935193C0038CBEC /* Assets.xcassets in Resources */ = {isa = PBXBuildFile; fileRef = 0D3EA13B2935193C0038CBEC /* Assets.xcassets */; };
		0D3EA13F2935193C0038CBEC /* LaunchScreen.storyboard in Resources */ = {isa = PBXBuildFile; fileRef = 0D3EA13D2935193C0038CBEC /* LaunchScreen.storyboard */; };
		0D3EA14829351A900038CBEC /* ContactTableViewCell.swift in Sources */ = {isa = PBXBuildFile; fileRef = 0D3EA14629351A900038CBEC /* ContactTableViewCell.swift */; };
		0D3EA14929351A900038CBEC /* ContactTableViewCell.xib in Resources */ = {isa = PBXBuildFile; fileRef = 0D3EA14729351A900038CBEC /* ContactTableViewCell.xib */; };
		0DA54FB429360D650074B4F8 /* ContactViewController.swift in Sources */ = {isa = PBXBuildFile; fileRef = 0DA54FB229360D650074B4F8 /* ContactViewController.swift */; };
		0DA54FB529360D650074B4F8 /* ContactViewController.xib in Resources */ = {isa = PBXBuildFile; fileRef = 0DA54FB329360D650074B4F8 /* ContactViewController.xib */; };
/* End PBXBuildFile section */

/* Begin PBXFileReference section */
		0D3EA12F2935193B0038CBEC /* iContacts.app */ = {isa = PBXFileReference; explicitFileType = wrapper.application; includeInIndex = 0; path = iContacts.app; sourceTree = BUILT_PRODUCTS_DIR; };
		0D3EA1322935193B0038CBEC /* AppDelegate.swift */ = {isa = PBXFileReference; lastKnownFileType = sourcecode.swift; path = AppDelegate.swift; sourceTree = "<group>"; };
		0D3EA1342935193B0038CBEC /* SceneDelegate.swift */ = {isa = PBXFileReference; lastKnownFileType = sourcecode.swift; path = SceneDelegate.swift; sourceTree = "<group>"; };
		0D3EA1362935193B0038CBEC /* ViewController.swift */ = {isa = PBXFileReference; lastKnownFileType = sourcecode.swift; path = ViewController.swift; sourceTree = "<group>"; };
		0D3EA1392935193B0038CBEC /* Base */ = {isa = PBXFileReference; lastKnownFileType = file.storyboard; name = Base; path = Base.lproj/Main.storyboard; sourceTree = "<group>"; };
		0D3EA13B2935193C0038CBEC /* Assets.xcassets */ = {isa = PBXFileReference; lastKnownFileType = folder.assetcatalog; path = Assets.xcassets; sourceTree = "<group>"; };
		0D3EA13E2935193C0038CBEC /* Base */ = {isa = PBXFileReference; lastKnownFileType = file.storyboard; name = Base; path = Base.lproj/LaunchScreen.storyboard; sourceTree = "<group>"; };
		0D3EA1402935193C0038CBEC /* Info.plist */ = {isa = PBXFileReference; lastKnownFileType = text.plist.xml; path = Info.plist; sourceTree = "<group>"; };
		0D3EA14629351A900038CBEC /* ContactTableViewCell.swift */ = {isa = PBXFileReference; lastKnownFileType = sourcecode.swift; path = ContactTableViewCell.swift; sourceTree = "<group>"; };
		0D3EA14729351A900038CBEC /* ContactTableViewCell.xib */ = {isa = PBXFileReference; lastKnownFileType = file.xib; path = ContactTableViewCell.xib; sourceTree = "<group>"; };
		0DA54FB229360D650074B4F8 /* ContactViewController.swift */ = {isa = PBXFileReference; lastKnownFileType = sourcecode.swift; path = ContactViewController.swift; sourceTree = "<group>"; };
		0DA54FB329360D650074B4F8 /* ContactViewController.xib */ = {isa = PBXFileReference; lastKnownFileType = file.xib; path = ContactViewController.xib; sourceTree = "<group>"; };
/* End PBXFileReference section */

/* Begin PBXFrameworksBuildPhase section */
		0D3EA12C2935193B0038CBEC /* Frameworks */ = {
			isa = PBXFrameworksBuildPhase;
			buildActionMask = 2147483647;
			files = (
			);
			runOnlyForDeploymentPostprocessing = 0;
		};
/* End PBXFrameworksBuildPhase section */

/* Begin PBXGroup section */
		0D3EA1262935193B0038CBEC = {
			isa = PBXGroup;
			children = (
				0D3EA1312935193B0038CBEC /* iContacts */,
				0D3EA1302935193B0038CBEC /* Products */,
			);
			sourceTree = "<group>";
		};
		0D3EA1302935193B0038CBEC /* Products */ = {
			isa = PBXGroup;
			children = (
				0D3EA12F2935193B0038CBEC /* iContacts.app */,
			);
			name = Products;
			sourceTree = "<group>";
		};
		0D3EA1312935193B0038CBEC /* iContacts */ = {
			isa = PBXGroup;
			children = (
				0D589A59293B65AD0003B220 /* App */,
				0D589A5A293B65BA0003B220 /* View */,
				0D589A5B293B660D0003B220 /* Resource */,
			);
			path = iContacts;
			sourceTree = "<group>";
		};
		0D589A59293B65AD0003B220 /* App */ = {
			isa = PBXGroup;
			children = (
				0D3EA1322935193B0038CBEC /* AppDelegate.swift */,
				0D3EA1342935193B0038CBEC /* SceneDelegate.swift */,
				0D3EA1402935193C0038CBEC /* Info.plist */,
			);
			path = App;
			sourceTree = "<group>";
		};
		0D589A5A293B65BA0003B220 /* View */ = {
			isa = PBXGroup;
			children = (
				0D3EA1362935193B0038CBEC /* ViewController.swift */,
				0D3EA1382935193B0038CBEC /* Main.storyboard */,
				0D3EA13D2935193C0038CBEC /* LaunchScreen.storyboard */,
				0D3EA14629351A900038CBEC /* ContactTableViewCell.swift */,
				0D3EA14729351A900038CBEC /* ContactTableViewCell.xib */,
				0DA54FB229360D650074B4F8 /* ContactViewController.swift */,
				0DA54FB329360D650074B4F8 /* ContactViewController.xib */,
			);
			path = View;
			sourceTree = "<group>";
		};
		0D589A5B293B660D0003B220 /* Resource */ = {
			isa = PBXGroup;
			children = (
				0D3EA13B2935193C0038CBEC /* Assets.xcassets */,
			);
			path = Resource;
			sourceTree = "<group>";
		};
/* End PBXGroup section */

/* Begin PBXNativeTarget section */
		0D3EA12E2935193B0038CBEC /* iContacts */ = {
			isa = PBXNativeTarget;
			buildConfigurationList = 0D3EA1432935193C0038CBEC /* Build configuration list for PBXNativeTarget "iContacts" */;
			buildPhases = (
				0D3EA12B2935193B0038CBEC /* Sources */,
				0D3EA12C2935193B0038CBEC /* Frameworks */,
				0D3EA12D2935193B0038CBEC /* Resources */,
			);
			buildRules = (
			);
			dependencies = (
			);
			name = iContacts;
			productName = iContacts;
			productReference = 0D3EA12F2935193B0038CBEC /* iContacts.app */;
			productType = "com.apple.product-type.application";
		};
/* End PBXNativeTarget section */

/* Begin PBXProject section */
		0D3EA1272935193B0038CBEC /* Project object */ = {
			isa = PBXProject;
			attributes = {
				BuildIndependentTargetsInParallel = 1;
				LastSwiftUpdateCheck = 1400;
				LastUpgradeCheck = 1400;
				TargetAttributes = {
					0D3EA12E2935193B0038CBEC = {
						CreatedOnToolsVersion = 14.0.1;
					};
				};
			};
			buildConfigurationList = 0D3EA12A2935193B0038CBEC /* Build configuration list for PBXProject "iContacts" */;
			compatibilityVersion = "Xcode 13.0";
			developmentRegion = en;
			hasScannedForEncodings = 0;
			knownRegions = (
				en,
				Base,
			);
			mainGroup = 0D3EA1262935193B0038CBEC;
			productRefGroup = 0D3EA1302935193B0038CBEC /* Products */;
			projectDirPath = "";
			projectRoot = "";
			targets = (
				0D3EA12E2935193B0038CBEC /* iContacts */,
			);
		};
/* End PBXProject section */

/* Begin PBXResourcesBuildPhase section */
		0D3EA12D2935193B0038CBEC /* Resources */ = {
			isa = PBXResourcesBuildPhase;
			buildActionMask = 2147483647;
			files = (
				0D3EA14929351A900038CBEC /* ContactTableViewCell.xib in Resources */,
				0DA54FB529360D650074B4F8 /* ContactViewController.xib in Resources */,
				0D3EA13F2935193C0038CBEC /* LaunchScreen.storyboard in Resources */,
				0D3EA13C2935193C0038CBEC /* Assets.xcassets in Resources */,
				0D3EA13A2935193B0038CBEC /* Main.storyboard in Resources */,
			);
			runOnlyForDeploymentPostprocessing = 0;
		};
/* End PBXResourcesBuildPhase section */

/* Begin PBXSourcesBuildPhase section */
		0D3EA12B2935193B0038CBEC /* Sources */ = {
			isa = PBXSourcesBuildPhase;
			buildActionMask = 2147483647;
			files = (
				0D3EA14829351A900038CBEC /* ContactTableViewCell.swift in Sources */,
				0D3EA1372935193B0038CBEC /* ViewController.swift in Sources */,
				0D3EA1332935193B0038CBEC /* AppDelegate.swift in Sources */,
				0D3EA1352935193B0038CBEC /* SceneDelegate.swift in Sources */,
				0DA54FB429360D650074B4F8 /* ContactViewController.swift in Sources */,
			);
			runOnlyForDeploymentPostprocessing = 0;
		};
/* End PBXSourcesBuildPhase section */

/* Begin PBXVariantGroup section */
		0D3EA1382935193B0038CBEC /* Main.storyboard */ = {
			isa = PBXVariantGroup;
			children = (
				0D3EA1392935193B0038CBEC /* Base */,
			);
			name = Main.storyboard;
			sourceTree = "<group>";
		};
		0D3EA13D2935193C0038CBEC /* LaunchScreen.storyboard */ = {
			isa = PBXVariantGroup;
			children = (
				0D3EA13E2935193C0038CBEC /* Base */,
			);
			name = LaunchScreen.storyboard;
			sourceTree = "<group>";
		};
/* End PBXVariantGroup section */

/* Begin XCBuildConfiguration section */
		0D3EA1412935193C0038CBEC /* Debug */ = {
			isa = XCBuildConfiguration;
			buildSettings = {
				ALWAYS_SEARCH_USER_PATHS = NO;
				CLANG_ANALYZER_NONNULL = YES;
				CLANG_ANALYZER_NUMBER_OBJECT_CONVERSION = YES_AGGRESSIVE;
				CLANG_CXX_LANGUAGE_STANDARD = "gnu++20";
				CLANG_ENABLE_MODULES = YES;
				CLANG_ENABLE_OBJC_ARC = YES;
				CLANG_ENABLE_OBJC_WEAK = YES;
				CLANG_WARN_BLOCK_CAPTURE_AUTORELEASING = YES;
				CLANG_WARN_BOOL_CONVERSION = YES;
				CLANG_WARN_COMMA = YES;
				CLANG_WARN_CONSTANT_CONVERSION = YES;
				CLANG_WARN_DEPRECATED_OBJC_IMPLEMENTATIONS = YES;
				CLANG_WARN_DIRECT_OBJC_ISA_USAGE = YES_ERROR;
				CLANG_WARN_DOCUMENTATION_COMMENTS = YES;
				CLANG_WARN_EMPTY_BODY = YES;
				CLANG_WARN_ENUM_CONVERSION = YES;
				CLANG_WARN_INFINITE_RECURSION = YES;
				CLANG_WARN_INT_CONVERSION = YES;
				CLANG_WARN_NON_LITERAL_NULL_CONVERSION = YES;
				CLANG_WARN_OBJC_IMPLICIT_RETAIN_SELF = YES;
				CLANG_WARN_OBJC_LITERAL_CONVERSION = YES;
				CLANG_WARN_OBJC_ROOT_CLASS = YES_ERROR;
				CLANG_WARN_QUOTED_INCLUDE_IN_FRAMEWORK_HEADER = YES;
				CLANG_WARN_RANGE_LOOP_ANALYSIS = YES;
				CLANG_WARN_STRICT_PROTOTYPES = YES;
				CLANG_WARN_SUSPICIOUS_MOVE = YES;
				CLANG_WARN_UNGUARDED_AVAILABILITY = YES_AGGRESSIVE;
				CLANG_WARN_UNREACHABLE_CODE = YES;
				CLANG_WARN__DUPLICATE_METHOD_MATCH = YES;
				COPY_PHASE_STRIP = NO;
				DEBUG_INFORMATION_FORMAT = dwarf;
				ENABLE_STRICT_OBJC_MSGSEND = YES;
				ENABLE_TESTABILITY = YES;
				GCC_C_LANGUAGE_STANDARD = gnu11;
				GCC_DYNAMIC_NO_PIC = NO;
				GCC_NO_COMMON_BLOCKS = YES;
				GCC_OPTIMIZATION_LEVEL = 0;
				GCC_PREPROCESSOR_DEFINITIONS = (
					"DEBUG=1",
					"$(inherited)",
				);
				GCC_WARN_64_TO_32_BIT_CONVERSION = YES;
				GCC_WARN_ABOUT_RETURN_TYPE = YES_ERROR;
				GCC_WARN_UNDECLARED_SELECTOR = YES;
				GCC_WARN_UNINITIALIZED_AUTOS = YES_AGGRESSIVE;
				GCC_WARN_UNUSED_FUNCTION = YES;
				GCC_WARN_UNUSED_VARIABLE = YES;
				IPHONEOS_DEPLOYMENT_TARGET = 16.0;
				MTL_ENABLE_DEBUG_INFO = INCLUDE_SOURCE;
				MTL_FAST_MATH = YES;
				ONLY_ACTIVE_ARCH = YES;
				SDKROOT = iphoneos;
				SWIFT_ACTIVE_COMPILATION_CONDITIONS = DEBUG;
				SWIFT_OPTIMIZATION_LEVEL = "-Onone";
			};
			name = Debug;
		};
		0D3EA1422935193C0038CBEC /* Release */ = {
			isa = XCBuildConfiguration;
			buildSettings = {
				ALWAYS_SEARCH_USER_PATHS = NO;
				CLANG_ANALYZER_NONNULL = YES;
				CLANG_ANALYZER_NUMBER_OBJECT_CONVERSION = YES_AGGRESSIVE;
				CLANG_CXX_LANGUAGE_STANDARD = "gnu++20";
				CLANG_ENABLE_MODULES = YES;
				CLANG_ENABLE_OBJC_ARC = YES;
				CLANG_ENABLE_OBJC_WEAK = YES;
				CLANG_WARN_BLOCK_CAPTURE_AUTORELEASING = YES;
				CLANG_WARN_BOOL_CONVERSION = YES;
				CLANG_WARN_COMMA = YES;
				CLANG_WARN_CONSTANT_CONVERSION = YES;
				CLANG_WARN_DEPRECATED_OBJC_IMPLEMENTATIONS = YES;
				CLANG_WARN_DIRECT_OBJC_ISA_USAGE = YES_ERROR;
				CLANG_WARN_DOCUMENTATION_COMMENTS = YES;
				CLANG_WARN_EMPTY_BODY = YES;
				CLANG_WARN_ENUM_CONVERSION = YES;
				CLANG_WARN_INFINITE_RECURSION = YES;
				CLANG_WARN_INT_CONVERSION = YES;
				CLANG_WARN_NON_LITERAL_NULL_CONVERSION = YES;
				CLANG_WARN_OBJC_IMPLICIT_RETAIN_SELF = YES;
				CLANG_WARN_OBJC_LITERAL_CONVERSION = YES;
				CLANG_WARN_OBJC_ROOT_CLASS = YES_ERROR;
				CLANG_WARN_QUOTED_INCLUDE_IN_FRAMEWORK_HEADER = YES;
				CLANG_WARN_RANGE_LOOP_ANALYSIS = YES;
				CLANG_WARN_STRICT_PROTOTYPES = YES;
				CLANG_WARN_SUSPICIOUS_MOVE = YES;
				CLANG_WARN_UNGUARDED_AVAILABILITY = YES_AGGRESSIVE;
				CLANG_WARN_UNREACHABLE_CODE = YES;
				CLANG_WARN__DUPLICATE_METHOD_MATCH = YES;
				COPY_PHASE_STRIP = NO;
				DEBUG_INFORMATION_FORMAT = "dwarf-with-dsym";
				ENABLE_NS_ASSERTIONS = NO;
				ENABLE_STRICT_OBJC_MSGSEND = YES;
				GCC_C_LANGUAGE_STANDARD = gnu11;
				GCC_NO_COMMON_BLOCKS = YES;
				GCC_WARN_64_TO_32_BIT_CONVERSION = YES;
				GCC_WARN_ABOUT_RETURN_TYPE = YES_ERROR;
				GCC_WARN_UNDECLARED_SELECTOR = YES;
				GCC_WARN_UNINITIALIZED_AUTOS = YES_AGGRESSIVE;
				GCC_WARN_UNUSED_FUNCTION = YES;
				GCC_WARN_UNUSED_VARIABLE = YES;
				IPHONEOS_DEPLOYMENT_TARGET = 16.0;
				MTL_ENABLE_DEBUG_INFO = NO;
				MTL_FAST_MATH = YES;
				SDKROOT = iphoneos;
				SWIFT_COMPILATION_MODE = wholemodule;
				SWIFT_OPTIMIZATION_LEVEL = "-O";
				VALIDATE_PRODUCT = YES;
			};
			name = Release;
		};
		0D3EA1442935193C0038CBEC /* Debug */ = {
			isa = XCBuildConfiguration;
			buildSettings = {
				ASSETCATALOG_COMPILER_APPICON_NAME = AppIcon;
				ASSETCATALOG_COMPILER_GLOBAL_ACCENT_COLOR_NAME = AccentColor;
				CODE_SIGN_STYLE = Automatic;
				CURRENT_PROJECT_VERSION = 1;
				GENERATE_INFOPLIST_FILE = YES;
				INFOPLIST_FILE = iContacts/App/Info.plist;
				INFOPLIST_KEY_UIApplicationSupportsIndirectInputEvents = YES;
				INFOPLIST_KEY_UILaunchStoryboardName = LaunchScreen;
				INFOPLIST_KEY_UIMainStoryboardFile = Main;
				INFOPLIST_KEY_UISupportedInterfaceOrientations_iPad = "UIInterfaceOrientationPortrait UIInterfaceOrientationPortraitUpsideDown UIInterfaceOrientationLandscapeLeft UIInterfaceOrientationLandscapeRight";
				INFOPLIST_KEY_UISupportedInterfaceOrientations_iPhone = "UIInterfaceOrientationPortrait UIInterfaceOrientationLandscapeLeft UIInterfaceOrientationLandscapeRight";
				IPHONEOS_DEPLOYMENT_TARGET = 15.0;
				LD_RUNPATH_SEARCH_PATHS = (
					"$(inherited)",
					"@executable_path/Frameworks",
				);
				MARKETING_VERSION = 1.0;
				PRODUCT_BUNDLE_IDENTIFIER = com.pernebayev.iContacts;
				PRODUCT_NAME = "$(TARGET_NAME)";
				SWIFT_EMIT_LOC_STRINGS = YES;
				SWIFT_VERSION = 5.0;
				TARGETED_DEVICE_FAMILY = "1,2";
			};
			name = Debug;
		};
		0D3EA1452935193C0038CBEC /* Release */ = {
			isa = XCBuildConfiguration;
			buildSettings = {
				ASSETCATALOG_COMPILER_APPICON_NAME = AppIcon;
				ASSETCATALOG_COMPILER_GLOBAL_ACCENT_COLOR_NAME = AccentColor;
				CODE_SIGN_STYLE = Automatic;
				CURRENT_PROJECT_VERSION = 1;
				GENERATE_INFOPLIST_FILE = YES;
				INFOPLIST_FILE = iContacts/App/Info.plist;
				INFOPLIST_KEY_UIApplicationSupportsIndirectInputEvents = YES;
				INFOPLIST_KEY_UILaunchStoryboardName = LaunchScreen;
				INFOPLIST_KEY_UIMainStoryboardFile = Main;
				INFOPLIST_KEY_UISupportedInterfaceOrientations_iPad = "UIInterfaceOrientationPortrait UIInterfaceOrientationPortraitUpsideDown UIInterfaceOrientationLandscapeLeft UIInterfaceOrientationLandscapeRight";
				INFOPLIST_KEY_UISupportedInterfaceOrientations_iPhone = "UIInterfaceOrientationPortrait UIInterfaceOrientationLandscapeLeft UIInterfaceOrientationLandscapeRight";
				IPHONEOS_DEPLOYMENT_TARGET = 15.0;
				LD_RUNPATH_SEARCH_PATHS = (
					"$(inherited)",
					"@executable_path/Frameworks",
				);
				MARKETING_VERSION = 1.0;
				PRODUCT_BUNDLE_IDENTIFIER = com.pernebayev.iContacts;
				PRODUCT_NAME = "$(TARGET_NAME)";
				SWIFT_EMIT_LOC_STRINGS = YES;
				SWIFT_VERSION = 5.0;
				TARGETED_DEVICE_FAMILY = "1,2";
			};
			name = Release;
		};
/* End XCBuildConfiguration section */

/* Begin XCConfigurationList section */
		0D3EA12A2935193B0038CBEC /* Build configuration list for PBXProject "iContacts" */ = {
			isa = XCConfigurationList;
			buildConfigurations = (
				0D3EA1412935193C0038CBEC /* Debug */,
				0D3EA1422935193C0038CBEC /* Release */,
			);
			defaultConfigurationIsVisible = 0;
			defaultConfigurationName = Release;
		};
		0D3EA1432935193C0038CBEC /* Build configuration list for PBXNativeTarget "iContacts" */ = {
			isa = XCConfigurationList;
			buildConfigurations = (
				0D3EA1442935193C0038CBEC /* Debug */,
				0D3EA1452935193C0038CBEC /* Release */,
			);
			defaultConfigurationIsVisible = 0;
			defaultConfigurationName = Release;
		};
/* End XCConfigurationList section */
	};
	rootObject = 0D3EA1272935193B0038CBEC /* Project object */;
}
